
Microsoft Visual Studio Solution File, Format Version 12.00
# Visual Studio Version 17
VisualStudioVersion = 17.0.32126.317
MinimumVisualStudioVersion = 10.0.40219.1
Project("{FAE04EC0-301F-11D3-BF4B-00C04F79EFBC}") = "Bank2.0", "Bank2.0\Bank2.0.csproj", "{00B59DBC-18A0-461A-8543-00ACB258292A}"
EndProject
Global
	GlobalSection(SolutionConfigurationPlatforms) = preSolution
		Debug|Any CPU = Debug|Any CPU
		Release|Any CPU = Release|Any CPU
	EndGlobalSection
	GlobalSection(ProjectConfigurationPlatforms) = postSolution
		{00B59DBC-18A0-461A-8543-00ACB258292A}.Debug|Any CPU.ActiveCfg = Debug|Any CPU
		{00B59DBC-18A0-461A-8543-00ACB258292A}.Debug|Any CPU.Build.0 = Debug|Any CPU
		{00B59DBC-18A0-461A-8543-00ACB258292A}.Release|Any CPU.ActiveCfg = Release|Any CPU
		{00B59DBC-18A0-461A-8543-00ACB258292A}.Release|Any CPU.Build.0 = Release|Any CPU
	EndGlobalSection
	GlobalSection(SolutionProperties) = preSolution
		HideSolutionNode = FALSE
	EndGlobalSection
	GlobalSection(ExtensibilityGlobals) = postSolution
		SolutionGuid = {F8FF49D8-396C-4D5D-B99A-9AB21840A429}
	EndGlobalSection
EndGlobal
